
Microsoft Visual Studio Solution File, Format Version 12.00
# Visual Studio Version 16
VisualStudioVersion = 16.0.29920.165
MinimumVisualStudioVersion = 10.0.40219.1
Project("{FAE04EC0-301F-11D3-BF4B-00C04F79EFBC}") = "SmellyCat", "SmellyCat\SmellyCat.csproj", "{5F024F1D-256F-4E29-8A98-5079EA7B6355}"
EndProject
Global
	GlobalSection(SolutionConfigurationPlatforms) = preSolution
		Debug|Any CPU = Debug|Any CPU
		Release|Any CPU = Release|Any CPU
	EndGlobalSection
	GlobalSection(ProjectConfigurationPlatforms) = postSolution
		{5F024F1D-256F-4E29-8A98-5079EA7B6355}.Debug|Any CPU.ActiveCfg = Debug|Any CPU
		{5F024F1D-256F-4E29-8A98-5079EA7B6355}.Debug|Any CPU.Build.0 = Debug|Any CPU
		{5F024F1D-256F-4E29-8A98-5079EA7B6355}.Release|Any CPU.ActiveCfg = Release|Any CPU
		{5F024F1D-256F-4E29-8A98-5079EA7B6355}.Release|Any CPU.Build.0 = Release|Any CPU
	EndGlobalSection
	GlobalSection(SolutionProperties) = preSolution
		HideSolutionNode = FALSE
	EndGlobalSection
	GlobalSection(ExtensibilityGlobals) = postSolution
		SolutionGuid = {3AA389BF-6E5A-4A4C-B6CD-99DCB5127B58}
	EndGlobalSection
EndGlobal
